
Microsoft Visual Studio Solution File, Format Version 12.00
# Visual Studio Version 17
VisualStudioVersion = 17.0.31919.166
MinimumVisualStudioVersion = 10.0.40219.1
Project("{9A19103F-16F7-4668-BE54-9A1E7A4F7556}") = "Nrrdio.Utilities", "Nrrdio.Utilities\Nrrdio.Utilities\Nrrdio.Utilities.csproj", "{3887DD15-8403-4C68-8D8F-CB168BDC0688}"
EndProject
Project("{9A19103F-16F7-4668-BE54-9A1E7A4F7556}") = "Nrrdio.Utilities.Maths", "Nrrdio.Utilities\Nrrdio.Utilities.Maths\Nrrdio.Utilities.Maths.csproj", "{BDC69971-CE5E-437F-9CC1-341EFD2246B4}"
EndProject
Project("{9A19103F-16F7-4668-BE54-9A1E7A4F7556}") = "Services", "Services\Services.csproj", "{7C8A44D6-6CAC-4E65-8C87-F5C973A26F99}"
EndProject
Project("{2150E333-8FDC-42A3-9474-1A3956D46DE8}") = "Git", "Git", "{D6CD64F2-46A3-41F0-B69B-CF01F007BCAD}"
	ProjectSection(SolutionItems) = preProject
		.gitattributes = .gitattributes
		.gitignore = .gitignore
		.gitmodules = .gitmodules
	EndProjectSection
EndProject
Project("{9A19103F-16F7-4668-BE54-9A1E7A4F7556}") = "Nrrdio.Utilities.WinUI", "Nrrdio.Utilities\Nrrdio.Utilities.WinUI\Nrrdio.Utilities.WinUI.csproj", "{3FB3E6F2-6B0A-4155-93F7-AF2DFFE28776}"
EndProject
Project("{2150E333-8FDC-42A3-9474-1A3956D46DE8}") = "Utilities", "Utilities", "{A7A144FB-1D61-40EC-AFD2-1F32CC8716E8}"
EndProject
Project("{9A19103F-16F7-4668-BE54-9A1E7A4F7556}") = "ClientOld", "ClientOld\ClientOld.csproj", "{21D1B01D-F06A-4331-A606-6F1CABBA4975}"
EndProject
Project("{9A19103F-16F7-4668-BE54-9A1E7A4F7556}") = "App", "App\App.csproj", "{8F094A58-987C-4E07-ACB6-8783AEA1258E}"
EndProject
Project("{9A19103F-16F7-4668-BE54-9A1E7A4F7556}") = "App.Core", "App.Core\App.Core.csproj", "{C563B765-7AF6-4B87-8D7E-ACD357D85C40}"
EndProject
Project("{9A19103F-16F7-4668-BE54-9A1E7A4F7556}") = "App.Tests.MSTest", "App.Tests.MSTest\App.Tests.MSTest.csproj", "{7A22467F-6033-4652-A30A-8119620369D0}"
EndProject
Project("{2150E333-8FDC-42A3-9474-1A3956D46DE8}") = "Configuration", "Configuration", "{AC755C0B-5F3B-4650-9695-4BDA64134411}"
	ProjectSection(SolutionItems) = preProject
		.editorconfig = .editorconfig
		.vsconfig = .vsconfig
	EndProjectSection
EndProject
Global
	GlobalSection(SolutionConfigurationPlatforms) = preSolution
		Debug|x86 = Debug|x86
		Release|x86 = Release|x86
	EndGlobalSection
	GlobalSection(ProjectConfigurationPlatforms) = postSolution
		{3887DD15-8403-4C68-8D8F-CB168BDC0688}.Debug|x86.ActiveCfg = Debug|Any CPU
		{3887DD15-8403-4C68-8D8F-CB168BDC0688}.Debug|x86.Build.0 = Debug|Any CPU
		{3887DD15-8403-4C68-8D8F-CB168BDC0688}.Release|x86.ActiveCfg = Release|Any CPU
		{3887DD15-8403-4C68-8D8F-CB168BDC0688}.Release|x86.Build.0 = Release|Any CPU
		{BDC69971-CE5E-437F-9CC1-341EFD2246B4}.Debug|x86.ActiveCfg = Debug|Any CPU
		{BDC69971-CE5E-437F-9CC1-341EFD2246B4}.Debug|x86.Build.0 = Debug|Any CPU
		{BDC69971-CE5E-437F-9CC1-341EFD2246B4}.Release|x86.ActiveCfg = Release|Any CPU
		{BDC69971-CE5E-437F-9CC1-341EFD2246B4}.Release|x86.Build.0 = Release|Any CPU
		{7C8A44D6-6CAC-4E65-8C87-F5C973A26F99}.Debug|x86.ActiveCfg = Debug|Any CPU
		{7C8A44D6-6CAC-4E65-8C87-F5C973A26F99}.Debug|x86.Build.0 = Debug|Any CPU
		{7C8A44D6-6CAC-4E65-8C87-F5C973A26F99}.Release|x86.ActiveCfg = Release|Any CPU
		{7C8A44D6-6CAC-4E65-8C87-F5C973A26F99}.Release|x86.Build.0 = Release|Any CPU
		{3FB3E6F2-6B0A-4155-93F7-AF2DFFE28776}.Debug|x86.ActiveCfg = Debug|Any CPU
		{3FB3E6F2-6B0A-4155-93F7-AF2DFFE28776}.Debug|x86.Build.0 = Debug|Any CPU
		{3FB3E6F2-6B0A-4155-93F7-AF2DFFE28776}.Release|x86.ActiveCfg = Release|Any CPU
		{3FB3E6F2-6B0A-4155-93F7-AF2DFFE28776}.Release|x86.Build.0 = Release|Any CPU
		{21D1B01D-F06A-4331-A606-6F1CABBA4975}.Debug|x86.ActiveCfg = Debug|x86
		{21D1B01D-F06A-4331-A606-6F1CABBA4975}.Debug|x86.Build.0 = Debug|x86
		{21D1B01D-F06A-4331-A606-6F1CABBA4975}.Release|x86.ActiveCfg = Release|x86
		{21D1B01D-F06A-4331-A606-6F1CABBA4975}.Release|x86.Build.0 = Release|x86
		{8F094A58-987C-4E07-ACB6-8783AEA1258E}.Debug|x86.ActiveCfg = Debug|x86
		{8F094A58-987C-4E07-ACB6-8783AEA1258E}.Debug|x86.Build.0 = Debug|x86
		{8F094A58-987C-4E07-ACB6-8783AEA1258E}.Debug|x86.Deploy.0 = Debug|x86
		{8F094A58-987C-4E07-ACB6-8783AEA1258E}.Release|x86.ActiveCfg = Release|x86
		{8F094A58-987C-4E07-ACB6-8783AEA1258E}.Release|x86.Build.0 = Release|x86
		{8F094A58-987C-4E07-ACB6-8783AEA1258E}.Release|x86.Deploy.0 = Release|x86
		{C563B765-7AF6-4B87-8D7E-ACD357D85C40}.Debug|x86.ActiveCfg = Debug|x86
		{C563B765-7AF6-4B87-8D7E-ACD357D85C40}.Debug|x86.Build.0 = Debug|x86
		{C563B765-7AF6-4B87-8D7E-ACD357D85C40}.Release|x86.ActiveCfg = Release|x86
		{C563B765-7AF6-4B87-8D7E-ACD357D85C40}.Release|x86.Build.0 = Release|x86
		{7A22467F-6033-4652-A30A-8119620369D0}.Debug|x86.ActiveCfg = Debug|x86
		{7A22467F-6033-4652-A30A-8119620369D0}.Debug|x86.Build.0 = Debug|x86
		{7A22467F-6033-4652-A30A-8119620369D0}.Release|x86.ActiveCfg = Release|x86
		{7A22467F-6033-4652-A30A-8119620369D0}.Release|x86.Build.0 = Release|x86
	EndGlobalSection
	GlobalSection(SolutionProperties) = preSolution
		HideSolutionNode = FALSE
	EndGlobalSection
	GlobalSection(NestedProjects) = preSolution
		{3887DD15-8403-4C68-8D8F-CB168BDC0688} = {A7A144FB-1D61-40EC-AFD2-1F32CC8716E8}
		{BDC69971-CE5E-437F-9CC1-341EFD2246B4} = {A7A144FB-1D61-40EC-AFD2-1F32CC8716E8}
		{D6CD64F2-46A3-41F0-B69B-CF01F007BCAD} = {AC755C0B-5F3B-4650-9695-4BDA64134411}
		{3FB3E6F2-6B0A-4155-93F7-AF2DFFE28776} = {A7A144FB-1D61-40EC-AFD2-1F32CC8716E8}
	EndGlobalSection
	GlobalSection(ExtensibilityGlobals) = postSolution
		SolutionGuid = {ABB60BF7-42ED-4E14-94D5-455ABAD46144}
	EndGlobalSection
EndGlobal
